
Microsoft Visual Studio Solution File, Format Version 12.00
# Visual Studio Version 17
VisualStudioVersion = 17.5.33530.505
MinimumVisualStudioVersion = 10.0.40219.1
Project("{2150E333-8FDC-42A3-9474-1A3956D46DE8}") = "src", "src", "{858DE962-8CD5-4B4F-BC23-7C396E78CD56}"
EndProject
Project("{FAE04EC0-301F-11D3-BF4B-00C04F79EFBC}") = "TestUp.Domain", "src\TestUp.Domain\TestUp.Domain.csproj", "{9A4236DE-A844-430A-9237-E4AAB1BEDCE1}"
EndProject
Global
	GlobalSection(SolutionConfigurationPlatforms) = preSolution
		Debug|Any CPU = Debug|Any CPU
		Release|Any CPU = Release|Any CPU
	EndGlobalSection
	GlobalSection(ProjectConfigurationPlatforms) = postSolution
		{9A4236DE-A844-430A-9237-E4AAB1BEDCE1}.Debug|Any CPU.ActiveCfg = Debug|Any CPU
		{9A4236DE-A844-430A-9237-E4AAB1BEDCE1}.Debug|Any CPU.Build.0 = Debug|Any CPU
		{9A4236DE-A844-430A-9237-E4AAB1BEDCE1}.Release|Any CPU.ActiveCfg = Release|Any CPU
		{9A4236DE-A844-430A-9237-E4AAB1BEDCE1}.Release|Any CPU.Build.0 = Release|Any CPU
	EndGlobalSection
	GlobalSection(SolutionProperties) = preSolution
		HideSolutionNode = FALSE
	EndGlobalSection
	GlobalSection(NestedProjects) = preSolution
		{9A4236DE-A844-430A-9237-E4AAB1BEDCE1} = {858DE962-8CD5-4B4F-BC23-7C396E78CD56}
	EndGlobalSection
	GlobalSection(ExtensibilityGlobals) = postSolution
		SolutionGuid = {01688221-718F-479C-8DA4-C589292E4A9E}
	EndGlobalSection
EndGlobal
